// !$*UTF8*$!
{
	archiveVersion = 1;
	classes = {
	};
	objectVersion = 56;
	objects = {

/* Begin PBXBuildFile section */
		8D21CF052A18064700F43E99 /* AppDelegate.swift in Sources */ = {isa = PBXBuildFile; fileRef = 8D21CF042A18064700F43E99 /* AppDelegate.swift */; };
		8D21CF072A18064700F43E99 /* SceneDelegate.swift in Sources */ = {isa = PBXBuildFile; fileRef = 8D21CF062A18064700F43E99 /* SceneDelegate.swift */; };
		8D21CF0C2A18064700F43E99 /* Main.storyboard in Resources */ = {isa = PBXBuildFile; fileRef = 8D21CF0A2A18064700F43E99 /* Main.storyboard */; };
		8D21CF0E2A18064800F43E99 /* Assets.xcassets in Resources */ = {isa = PBXBuildFile; fileRef = 8D21CF0D2A18064800F43E99 /* Assets.xcassets */; };
		8D21CF112A18064800F43E99 /* LaunchScreen.storyboard in Resources */ = {isa = PBXBuildFile; fileRef = 8D21CF0F2A18064800F43E99 /* LaunchScreen.storyboard */; };
		8D21CF262A18064800F43E99 /* WeatherUITests.swift in Sources */ = {isa = PBXBuildFile; fileRef = 8D21CF252A18064800F43E99 /* WeatherUITests.swift */; };
		8D21CF282A18064800F43E99 /* WeatherUITestsLaunchTests.swift in Sources */ = {isa = PBXBuildFile; fileRef = 8D21CF272A18064800F43E99 /* WeatherUITestsLaunchTests.swift */; };
		8D21CF382A180D1900F43E99 /* APIClient.swift in Sources */ = {isa = PBXBuildFile; fileRef = 8D21CF372A180D1900F43E99 /* APIClient.swift */; };
		8D21CF392A180D1900F43E99 /* APIClient.swift in Sources */ = {isa = PBXBuildFile; fileRef = 8D21CF372A180D1900F43E99 /* APIClient.swift */; };
		8D21CF3A2A180D1900F43E99 /* APIClient.swift in Sources */ = {isa = PBXBuildFile; fileRef = 8D21CF372A180D1900F43E99 /* APIClient.swift */; };
		8D21CF3C2A180D6D00F43E99 /* APIRequest.swift in Sources */ = {isa = PBXBuildFile; fileRef = 8D21CF3B2A180D6D00F43E99 /* APIRequest.swift */; };
		8D21CF3D2A180D6D00F43E99 /* APIRequest.swift in Sources */ = {isa = PBXBuildFile; fileRef = 8D21CF3B2A180D6D00F43E99 /* APIRequest.swift */; };
		8D21CF3E2A180D6D00F43E99 /* APIRequest.swift in Sources */ = {isa = PBXBuildFile; fileRef = 8D21CF3B2A180D6D00F43E99 /* APIRequest.swift */; };
		8D21CF402A180DFF00F43E99 /* NetworkError.swift in Sources */ = {isa = PBXBuildFile; fileRef = 8D21CF3F2A180DFF00F43E99 /* NetworkError.swift */; };
		8D21CF412A180DFF00F43E99 /* NetworkError.swift in Sources */ = {isa = PBXBuildFile; fileRef = 8D21CF3F2A180DFF00F43E99 /* NetworkError.swift */; };
		8D21CF422A180DFF00F43E99 /* NetworkError.swift in Sources */ = {isa = PBXBuildFile; fileRef = 8D21CF3F2A180DFF00F43E99 /* NetworkError.swift */; };
		8D21CF442A180E2600F43E99 /* EndPoint.swift in Sources */ = {isa = PBXBuildFile; fileRef = 8D21CF432A180E2600F43E99 /* EndPoint.swift */; };
		8D21CF452A180E2600F43E99 /* EndPoint.swift in Sources */ = {isa = PBXBuildFile; fileRef = 8D21CF432A180E2600F43E99 /* EndPoint.swift */; };
		8D21CF462A180E2600F43E99 /* EndPoint.swift in Sources */ = {isa = PBXBuildFile; fileRef = 8D21CF432A180E2600F43E99 /* EndPoint.swift */; };
		8D21CF492A180E8600F43E99 /* Data+String.swift in Sources */ = {isa = PBXBuildFile; fileRef = 8D21CF482A180E8600F43E99 /* Data+String.swift */; };
		8D21CF4A2A180E8600F43E99 /* Data+String.swift in Sources */ = {isa = PBXBuildFile; fileRef = 8D21CF482A180E8600F43E99 /* Data+String.swift */; };
		8D21CF4B2A180E8600F43E99 /* Data+String.swift in Sources */ = {isa = PBXBuildFile; fileRef = 8D21CF482A180E8600F43E99 /* Data+String.swift */; };
		8D21CF4E2A180EEA00F43E99 /* Key.swift in Sources */ = {isa = PBXBuildFile; fileRef = 8D21CF4D2A180EEA00F43E99 /* Key.swift */; };
		8D21CF4F2A180EEA00F43E99 /* Key.swift in Sources */ = {isa = PBXBuildFile; fileRef = 8D21CF4D2A180EEA00F43E99 /* Key.swift */; };
		8D21CF502A180EEA00F43E99 /* Key.swift in Sources */ = {isa = PBXBuildFile; fileRef = 8D21CF4D2A180EEA00F43E99 /* Key.swift */; };
		8D21CF542A180F8500F43E99 /* EndPointTests.swift in Sources */ = {isa = PBXBuildFile; fileRef = 8D21CF522A180F8500F43E99 /* EndPointTests.swift */; };
		8D21CF582A180F9500F43E99 /* MockDataManager.swift in Sources */ = {isa = PBXBuildFile; fileRef = 8D21CF562A180F9500F43E99 /* MockDataManager.swift */; };
		8D21CF5C2A180FA600F43E99 /* NetworkErrorTests.swift in Sources */ = {isa = PBXBuildFile; fileRef = 8D21CF5A2A180FA600F43E99 /* NetworkErrorTests.swift */; };
		8D21CF602A180FB600F43E99 /* APIRequestTests.swift in Sources */ = {isa = PBXBuildFile; fileRef = 8D21CF5E2A180FB600F43E99 /* APIRequestTests.swift */; };
		8D21CF632A18142100F43E99 /* DataManager.swift in Sources */ = {isa = PBXBuildFile; fileRef = 8D21CF622A18142100F43E99 /* DataManager.swift */; };
		8D21CF642A18145300F43E99 /* DataManager.swift in Sources */ = {isa = PBXBuildFile; fileRef = 8D21CF622A18142100F43E99 /* DataManager.swift */; };
		8D21CF652A18145400F43E99 /* DataManager.swift in Sources */ = {isa = PBXBuildFile; fileRef = 8D21CF622A18142100F43E99 /* DataManager.swift */; };
		8D21CF6D2A18322100F43E99 /* PresentWeather.swift in Sources */ = {isa = PBXBuildFile; fileRef = 8D21CF6C2A18322100F43E99 /* PresentWeather.swift */; };
		8D21CF6E2A18322100F43E99 /* PresentWeather.swift in Sources */ = {isa = PBXBuildFile; fileRef = 8D21CF6C2A18322100F43E99 /* PresentWeather.swift */; };
		8D21CF6F2A18322100F43E99 /* PresentWeather.swift in Sources */ = {isa = PBXBuildFile; fileRef = 8D21CF6C2A18322100F43E99 /* PresentWeather.swift */; };
		8D21CF752A1832E000F43E99 /* PresentWeatherTests.swift in Sources */ = {isa = PBXBuildFile; fileRef = 8D21CF732A1832E000F43E99 /* PresentWeatherTests.swift */; };
		8D21CF792A1832F800F43E99 /* PresentWeatherViewModelTests.swift in Sources */ = {isa = PBXBuildFile; fileRef = 8D21CF772A1832F800F43E99 /* PresentWeatherViewModelTests.swift */; };
		8D21CF7D2A18337B00F43E99 /* PresentWeatherViewModel.swift in Sources */ = {isa = PBXBuildFile; fileRef = 8D21CF7C2A18337B00F43E99 /* PresentWeatherViewModel.swift */; };
		8D21CF7E2A18337B00F43E99 /* PresentWeatherViewModel.swift in Sources */ = {isa = PBXBuildFile; fileRef = 8D21CF7C2A18337B00F43E99 /* PresentWeatherViewModel.swift */; };
		8D21CF7F2A18337B00F43E99 /* PresentWeatherViewModel.swift in Sources */ = {isa = PBXBuildFile; fileRef = 8D21CF7C2A18337B00F43E99 /* PresentWeatherViewModel.swift */; };
		8D21CF822A18341100F43E99 /* Spinner.swift in Sources */ = {isa = PBXBuildFile; fileRef = 8D21CF812A18341100F43E99 /* Spinner.swift */; };
		8D21CF832A18341100F43E99 /* Spinner.swift in Sources */ = {isa = PBXBuildFile; fileRef = 8D21CF812A18341100F43E99 /* Spinner.swift */; };
		8D21CF842A18341100F43E99 /* Spinner.swift in Sources */ = {isa = PBXBuildFile; fileRef = 8D21CF812A18341100F43E99 /* Spinner.swift */; };
		8D21CF862A18342200F43E99 /* Observable.swift in Sources */ = {isa = PBXBuildFile; fileRef = 8D21CF852A18342200F43E99 /* Observable.swift */; };
		8D21CF872A18342200F43E99 /* Observable.swift in Sources */ = {isa = PBXBuildFile; fileRef = 8D21CF852A18342200F43E99 /* Observable.swift */; };
		8D21CF882A18342200F43E99 /* Observable.swift in Sources */ = {isa = PBXBuildFile; fileRef = 8D21CF852A18342200F43E99 /* Observable.swift */; };
		8D21CF8C2A1834A200F43E99 /* FileLoader.swift in Sources */ = {isa = PBXBuildFile; fileRef = 8D21CF8B2A1834A200F43E99 /* FileLoader.swift */; };
		8D21CF8D2A1834A200F43E99 /* FileLoader.swift in Sources */ = {isa = PBXBuildFile; fileRef = 8D21CF8B2A1834A200F43E99 /* FileLoader.swift */; };
		8D21CF8E2A1834A200F43E99 /* FileLoader.swift in Sources */ = {isa = PBXBuildFile; fileRef = 8D21CF8B2A1834A200F43E99 /* FileLoader.swift */; };
		8D21CF942A18355E00F43E99 /* Float+WindDirection.swift in Sources */ = {isa = PBXBuildFile; fileRef = 8D21CF932A18355E00F43E99 /* Float+WindDirection.swift */; };
		8D21CF952A18355E00F43E99 /* Float+WindDirection.swift in Sources */ = {isa = PBXBuildFile; fileRef = 8D21CF932A18355E00F43E99 /* Float+WindDirection.swift */; };
		8D21CF962A18355E00F43E99 /* Float+WindDirection.swift in Sources */ = {isa = PBXBuildFile; fileRef = 8D21CF932A18355E00F43E99 /* Float+WindDirection.swift */; };
		8D21CF982A18356D00F43E99 /* TimeStamp+Date.swift in Sources */ = {isa = PBXBuildFile; fileRef = 8D21CF972A18356D00F43E99 /* TimeStamp+Date.swift */; };
		8D21CF992A18356D00F43E99 /* TimeStamp+Date.swift in Sources */ = {isa = PBXBuildFile; fileRef = 8D21CF972A18356D00F43E99 /* TimeStamp+Date.swift */; };
		8D21CF9A2A18356D00F43E99 /* TimeStamp+Date.swift in Sources */ = {isa = PBXBuildFile; fileRef = 8D21CF972A18356D00F43E99 /* TimeStamp+Date.swift */; };
		8D21CF9C2A18357C00F43E99 /* UIViewController+Alert.swift in Sources */ = {isa = PBXBuildFile; fileRef = 8D21CF9B2A18357C00F43E99 /* UIViewController+Alert.swift */; };
		8D21CF9D2A18357C00F43E99 /* UIViewController+Alert.swift in Sources */ = {isa = PBXBuildFile; fileRef = 8D21CF9B2A18357C00F43E99 /* UIViewController+Alert.swift */; };
		8D21CF9E2A18357C00F43E99 /* UIViewController+Alert.swift in Sources */ = {isa = PBXBuildFile; fileRef = 8D21CF9B2A18357C00F43E99 /* UIViewController+Alert.swift */; };
		8D21CFA02A18376A00F43E99 /* SearchCityController.swift in Sources */ = {isa = PBXBuildFile; fileRef = 8D21CF9F2A18376A00F43E99 /* SearchCityController.swift */; };
		8D21CFA12A18376A00F43E99 /* SearchCityController.swift in Sources */ = {isa = PBXBuildFile; fileRef = 8D21CF9F2A18376A00F43E99 /* SearchCityController.swift */; };
		8D21CFA22A18376A00F43E99 /* SearchCityController.swift in Sources */ = {isa = PBXBuildFile; fileRef = 8D21CF9F2A18376A00F43E99 /* SearchCityController.swift */; };
		8D21CFA42A18378100F43E99 /* PresentWeatherView.swift in Sources */ = {isa = PBXBuildFile; fileRef = 8D21CFA32A18378100F43E99 /* PresentWeatherView.swift */; };
		8D21CFA52A18378100F43E99 /* PresentWeatherView.swift in Sources */ = {isa = PBXBuildFile; fileRef = 8D21CFA32A18378100F43E99 /* PresentWeatherView.swift */; };
		8D21CFA62A18378100F43E99 /* PresentWeatherView.swift in Sources */ = {isa = PBXBuildFile; fileRef = 8D21CFA32A18378100F43E99 /* PresentWeatherView.swift */; };
		8D21CFA82A18FF7000F43E99 /* LocalStorage.swift in Sources */ = {isa = PBXBuildFile; fileRef = 8D21CFA72A18FF7000F43E99 /* LocalStorage.swift */; };
		8D21CFA92A18FF7000F43E99 /* LocalStorage.swift in Sources */ = {isa = PBXBuildFile; fileRef = 8D21CFA72A18FF7000F43E99 /* LocalStorage.swift */; };
		8D21CFAA2A18FF7000F43E99 /* LocalStorage.swift in Sources */ = {isa = PBXBuildFile; fileRef = 8D21CFA72A18FF7000F43E99 /* LocalStorage.swift */; };
		8D21CFB82A1A81F100F43E99 /* weather_data.json in Resources */ = {isa = PBXBuildFile; fileRef = 8D21CFB72A1A81F100F43E99 /* weather_data.json */; };
		8D21CFB92A1A81F100F43E99 /* weather_data.json in Resources */ = {isa = PBXBuildFile; fileRef = 8D21CFB72A1A81F100F43E99 /* weather_data.json */; };
		8D21CFBA2A1A81F100F43E99 /* weather_data.json in Resources */ = {isa = PBXBuildFile; fileRef = 8D21CFB72A1A81F100F43E99 /* weather_data.json */; };
/* End PBXBuildFile section */

/* Begin PBXContainerItemProxy section */
		8D21CF182A18064800F43E99 /* PBXContainerItemProxy */ = {
			isa = PBXContainerItemProxy;
			containerPortal = 8D21CEF92A18064700F43E99 /* Project object */;
			proxyType = 1;
			remoteGlobalIDString = 8D21CF002A18064700F43E99;
			remoteInfo = Weather;
		};
		8D21CF222A18064800F43E99 /* PBXContainerItemProxy */ = {
			isa = PBXContainerItemProxy;
			containerPortal = 8D21CEF92A18064700F43E99 /* Project object */;
			proxyType = 1;
			remoteGlobalIDString = 8D21CF002A18064700F43E99;
			remoteInfo = Weather;
		};
/* End PBXContainerItemProxy section */

/* Begin PBXFileReference section */
		8D21CF012A18064700F43E99 /* Weather.app */ = {isa = PBXFileReference; explicitFileType = wrapper.application; includeInIndex = 0; path = Weather.app; sourceTree = BUILT_PRODUCTS_DIR; };
		8D21CF042A18064700F43E99 /* AppDelegate.swift */ = {isa = PBXFileReference; lastKnownFileType = sourcecode.swift; path = AppDelegate.swift; sourceTree = "<group>"; };
		8D21CF062A18064700F43E99 /* SceneDelegate.swift */ = {isa = PBXFileReference; lastKnownFileType = sourcecode.swift; path = SceneDelegate.swift; sourceTree = "<group>"; };
		8D21CF0B2A18064700F43E99 /* Base */ = {isa = PBXFileReference; lastKnownFileType = file.storyboard; name = Base; path = Base.lproj/Main.storyboard; sourceTree = "<group>"; };
		8D21CF0D2A18064800F43E99 /* Assets.xcassets */ = {isa = PBXFileReference; lastKnownFileType = folder.assetcatalog; path = Assets.xcassets; sourceTree = "<group>"; };
		8D21CF102A18064800F43E99 /* Base */ = {isa = PBXFileReference; lastKnownFileType = file.storyboard; name = Base; path = Base.lproj/LaunchScreen.storyboard; sourceTree = "<group>"; };
		8D21CF122A18064800F43E99 /* Info.plist */ = {isa = PBXFileReference; lastKnownFileType = text.plist.xml; path = Info.plist; sourceTree = "<group>"; };
		8D21CF172A18064800F43E99 /* WeatherTests.xctest */ = {isa = PBXFileReference; explicitFileType = wrapper.cfbundle; includeInIndex = 0; path = WeatherTests.xctest; sourceTree = BUILT_PRODUCTS_DIR; };
		8D21CF212A18064800F43E99 /* WeatherUITests.xctest */ = {isa = PBXFileReference; explicitFileType = wrapper.cfbundle; includeInIndex = 0; path = WeatherUITests.xctest; sourceTree = BUILT_PRODUCTS_DIR; };
		8D21CF252A18064800F43E99 /* WeatherUITests.swift */ = {isa = PBXFileReference; lastKnownFileType = sourcecode.swift; path = WeatherUITests.swift; sourceTree = "<group>"; };
		8D21CF272A18064800F43E99 /* WeatherUITestsLaunchTests.swift */ = {isa = PBXFileReference; lastKnownFileType = sourcecode.swift; path = WeatherUITestsLaunchTests.swift; sourceTree = "<group>"; };
		8D21CF372A180D1900F43E99 /* APIClient.swift */ = {isa = PBXFileReference; lastKnownFileType = sourcecode.swift; path = APIClient.swift; sourceTree = "<group>"; };
		8D21CF3B2A180D6D00F43E99 /* APIRequest.swift */ = {isa = PBXFileReference; lastKnownFileType = sourcecode.swift; path = APIRequest.swift; sourceTree = "<group>"; };
		8D21CF3F2A180DFF00F43E99 /* NetworkError.swift */ = {isa = PBXFileReference; lastKnownFileType = sourcecode.swift; path = NetworkError.swift; sourceTree = "<group>"; };
		8D21CF432A180E2600F43E99 /* EndPoint.swift */ = {isa = PBXFileReference; lastKnownFileType = sourcecode.swift; path = EndPoint.swift; sourceTree = "<group>"; };
		8D21CF482A180E8600F43E99 /* Data+String.swift */ = {isa = PBXFileReference; lastKnownFileType = sourcecode.swift; path = "Data+String.swift"; sourceTree = "<group>"; };
		8D21CF4D2A180EEA00F43E99 /* Key.swift */ = {isa = PBXFileReference; lastKnownFileType = sourcecode.swift; path = Key.swift; sourceTree = "<group>"; };
		8D21CF522A180F8500F43E99 /* EndPointTests.swift */ = {isa = PBXFileReference; lastKnownFileType = sourcecode.swift; path = EndPointTests.swift; sourceTree = "<group>"; };
		8D21CF562A180F9500F43E99 /* MockDataManager.swift */ = {isa = PBXFileReference; lastKnownFileType = sourcecode.swift; path = MockDataManager.swift; sourceTree = "<group>"; };
		8D21CF5A2A180FA600F43E99 /* NetworkErrorTests.swift */ = {isa = PBXFileReference; lastKnownFileType = sourcecode.swift; path = NetworkErrorTests.swift; sourceTree = "<group>"; };
		8D21CF5E2A180FB600F43E99 /* APIRequestTests.swift */ = {isa = PBXFileReference; lastKnownFileType = sourcecode.swift; path = APIRequestTests.swift; sourceTree = "<group>"; };
		8D21CF622A18142100F43E99 /* DataManager.swift */ = {isa = PBXFileReference; lastKnownFileType = sourcecode.swift; path = DataManager.swift; sourceTree = "<group>"; };
		8D21CF6C2A18322100F43E99 /* PresentWeather.swift */ = {isa = PBXFileReference; lastKnownFileType = sourcecode.swift; path = PresentWeather.swift; sourceTree = "<group>"; };
		8D21CF732A1832E000F43E99 /* PresentWeatherTests.swift */ = {isa = PBXFileReference; lastKnownFileType = sourcecode.swift; path = PresentWeatherTests.swift; sourceTree = "<group>"; };
		8D21CF772A1832F800F43E99 /* PresentWeatherViewModelTests.swift */ = {isa = PBXFileReference; lastKnownFileType = sourcecode.swift; path = PresentWeatherViewModelTests.swift; sourceTree = "<group>"; };
		8D21CF7C2A18337B00F43E99 /* PresentWeatherViewModel.swift */ = {isa = PBXFileReference; lastKnownFileType = sourcecode.swift; path = PresentWeatherViewModel.swift; sourceTree = "<group>"; };
		8D21CF812A18341100F43E99 /* Spinner.swift */ = {isa = PBXFileReference; lastKnownFileType = sourcecode.swift; path = Spinner.swift; sourceTree = "<group>"; };
		8D21CF852A18342200F43E99 /* Observable.swift */ = {isa = PBXFileReference; lastKnownFileType = sourcecode.swift; path = Observable.swift; sourceTree = "<group>"; };
		8D21CF8B2A1834A200F43E99 /* FileLoader.swift */ = {isa = PBXFileReference; lastKnownFileType = sourcecode.swift; path = FileLoader.swift; sourceTree = "<group>"; };
		8D21CF932A18355E00F43E99 /* Float+WindDirection.swift */ = {isa = PBXFileReference; lastKnownFileType = sourcecode.swift; path = "Float+WindDirection.swift"; sourceTree = "<group>"; };
		8D21CF972A18356D00F43E99 /* TimeStamp+Date.swift */ = {isa = PBXFileReference; lastKnownFileType = sourcecode.swift; path = "TimeStamp+Date.swift"; sourceTree = "<group>"; };
		8D21CF9B2A18357C00F43E99 /* UIViewController+Alert.swift */ = {isa = PBXFileReference; lastKnownFileType = sourcecode.swift; path = "UIViewController+Alert.swift"; sourceTree = "<group>"; };
		8D21CF9F2A18376A00F43E99 /* SearchCityController.swift */ = {isa = PBXFileReference; lastKnownFileType = sourcecode.swift; path = SearchCityController.swift; sourceTree = "<group>"; };
		8D21CFA32A18378100F43E99 /* PresentWeatherView.swift */ = {isa = PBXFileReference; lastKnownFileType = sourcecode.swift; path = PresentWeatherView.swift; sourceTree = "<group>"; };
		8D21CFA72A18FF7000F43E99 /* LocalStorage.swift */ = {isa = PBXFileReference; lastKnownFileType = sourcecode.swift; path = LocalStorage.swift; sourceTree = "<group>"; };
		8D21CFB72A1A81F100F43E99 /* weather_data.json */ = {isa = PBXFileReference; fileEncoding = 4; lastKnownFileType = text.json; path = weather_data.json; sourceTree = "<group>"; };
/* End PBXFileReference section */

/* Begin PBXFrameworksBuildPhase section */
		8D21CEFE2A18064700F43E99 /* Frameworks */ = {
			isa = PBXFrameworksBuildPhase;
			buildActionMask = 2147483647;
			files = (
			);
			runOnlyForDeploymentPostprocessing = 0;
		};
		8D21CF142A18064800F43E99 /* Frameworks */ = {
			isa = PBXFrameworksBuildPhase;
			buildActionMask = 2147483647;
			files = (
			);
			runOnlyForDeploymentPostprocessing = 0;
		};
		8D21CF1E2A18064800F43E99 /* Frameworks */ = {
			isa = PBXFrameworksBuildPhase;
			buildActionMask = 2147483647;
			files = (
			);
			runOnlyForDeploymentPostprocessing = 0;
		};
/* End PBXFrameworksBuildPhase section */

/* Begin PBXGroup section */
		8D21CEF82A18064700F43E99 = {
			isa = PBXGroup;
			children = (
				8D21CF032A18064700F43E99 /* Weather */,
				8D21CF1A2A18064800F43E99 /* WeatherTests */,
				8D21CF242A18064800F43E99 /* WeatherUITests */,
				8D21CF022A18064700F43E99 /* Products */,
			);
			sourceTree = "<group>";
		};
		8D21CF022A18064700F43E99 /* Products */ = {
			isa = PBXGroup;
			children = (
				8D21CF012A18064700F43E99 /* Weather.app */,
				8D21CF172A18064800F43E99 /* WeatherTests.xctest */,
				8D21CF212A18064800F43E99 /* WeatherUITests.xctest */,
			);
			name = Products;
			sourceTree = "<group>";
		};
		8D21CF032A18064700F43E99 /* Weather */ = {
			isa = PBXGroup;
			children = (
				8D21CF362A180CC800F43E99 /* APIClient */,
				8D21CF342A180C2500F43E99 /* AppDelegate */,
				8D21CF352A180C8500F43E99 /* Controllers */,
				8D21CF7B2A18336000F43E99 /* ViewModel */,
				8D21CF6B2A18320600F43E99 /* Model */,
				8D21CF4C2A180EC900F43E99 /* Keys */,
				8D21CF472A180E6A00F43E99 /* Extensions */,
				8D21CF892A18346E00F43E99 /* Files */,
				8D21CF802A1833F500F43E99 /* SupportingFiles */,
				8D21CF0A2A18064700F43E99 /* Main.storyboard */,
				8D21CF0D2A18064800F43E99 /* Assets.xcassets */,
				8D21CF0F2A18064800F43E99 /* LaunchScreen.storyboard */,
				8D21CF122A18064800F43E99 /* Info.plist */,
			);
			path = Weather;
			sourceTree = "<group>";
		};
		8D21CF1A2A18064800F43E99 /* WeatherTests */ = {
			isa = PBXGroup;
			children = (
				8D21CF712A18329000F43E99 /* ViewModel */,
				8D21CF702A18328100F43E99 /* Model */,
				8D21CF512A180F5100F43E99 /* APIClient */,
			);
			path = WeatherTests;
			sourceTree = "<group>";
		};
		8D21CF242A18064800F43E99 /* WeatherUITests */ = {
			isa = PBXGroup;
			children = (
				8D21CF252A18064800F43E99 /* WeatherUITests.swift */,
				8D21CF272A18064800F43E99 /* WeatherUITestsLaunchTests.swift */,
			);
			path = WeatherUITests;
			sourceTree = "<group>";
		};
		8D21CF342A180C2500F43E99 /* AppDelegate */ = {
			isa = PBXGroup;
			children = (
				8D21CF062A18064700F43E99 /* SceneDelegate.swift */,
				8D21CF042A18064700F43E99 /* AppDelegate.swift */,
			);
			path = AppDelegate;
			sourceTree = "<group>";
		};
		8D21CF352A180C8500F43E99 /* Controllers */ = {
			isa = PBXGroup;
			children = (
				8D21CF9F2A18376A00F43E99 /* SearchCityController.swift */,
				8D21CFA32A18378100F43E99 /* PresentWeatherView.swift */,
			);
			path = Controllers;
			sourceTree = "<group>";
		};
		8D21CF362A180CC800F43E99 /* APIClient */ = {
			isa = PBXGroup;
			children = (
				8D21CF372A180D1900F43E99 /* APIClient.swift */,
				8D21CF622A18142100F43E99 /* DataManager.swift */,
				8D21CF3B2A180D6D00F43E99 /* APIRequest.swift */,
				8D21CF3F2A180DFF00F43E99 /* NetworkError.swift */,
				8D21CF432A180E2600F43E99 /* EndPoint.swift */,
			);
			path = APIClient;
			sourceTree = "<group>";
		};
		8D21CF472A180E6A00F43E99 /* Extensions */ = {
			isa = PBXGroup;
			children = (
				8D21CF482A180E8600F43E99 /* Data+String.swift */,
				8D21CF932A18355E00F43E99 /* Float+WindDirection.swift */,
				8D21CF972A18356D00F43E99 /* TimeStamp+Date.swift */,
				8D21CF9B2A18357C00F43E99 /* UIViewController+Alert.swift */,
			);
			path = Extensions;
			sourceTree = "<group>";
		};
		8D21CF4C2A180EC900F43E99 /* Keys */ = {
			isa = PBXGroup;
			children = (
				8D21CF4D2A180EEA00F43E99 /* Key.swift */,
			);
			path = Keys;
			sourceTree = "<group>";
		};
		8D21CF512A180F5100F43E99 /* APIClient */ = {
			isa = PBXGroup;
			children = (
				8D21CF522A180F8500F43E99 /* EndPointTests.swift */,
				8D21CF562A180F9500F43E99 /* MockDataManager.swift */,
				8D21CF5A2A180FA600F43E99 /* NetworkErrorTests.swift */,
				8D21CF5E2A180FB600F43E99 /* APIRequestTests.swift */,
			);
			path = APIClient;
			sourceTree = "<group>";
		};
		8D21CF6B2A18320600F43E99 /* Model */ = {
			isa = PBXGroup;
			children = (
				8D21CF6C2A18322100F43E99 /* PresentWeather.swift */,
			);
			path = Model;
			sourceTree = "<group>";
		};
		8D21CF702A18328100F43E99 /* Model */ = {
			isa = PBXGroup;
			children = (
				8D21CF732A1832E000F43E99 /* PresentWeatherTests.swift */,
			);
			path = Model;
			sourceTree = "<group>";
		};
		8D21CF712A18329000F43E99 /* ViewModel */ = {
			isa = PBXGroup;
			children = (
				8D21CF772A1832F800F43E99 /* PresentWeatherViewModelTests.swift */,
			);
			path = ViewModel;
			sourceTree = "<group>";
		};
		8D21CF7B2A18336000F43E99 /* ViewModel */ = {
			isa = PBXGroup;
			children = (
				8D21CF7C2A18337B00F43E99 /* PresentWeatherViewModel.swift */,
			);
			path = ViewModel;
			sourceTree = "<group>";
		};
		8D21CF802A1833F500F43E99 /* SupportingFiles */ = {
			isa = PBXGroup;
			children = (
				8D21CF812A18341100F43E99 /* Spinner.swift */,
				8D21CFA72A18FF7000F43E99 /* LocalStorage.swift */,
				8D21CF852A18342200F43E99 /* Observable.swift */,
			);
			path = SupportingFiles;
			sourceTree = "<group>";
		};
		8D21CF892A18346E00F43E99 /* Files */ = {
			isa = PBXGroup;
			children = (
				8D21CF8B2A1834A200F43E99 /* FileLoader.swift */,
				8D21CFB72A1A81F100F43E99 /* weather_data.json */,
			);
			path = Files;
			sourceTree = "<group>";
		};
/* End PBXGroup section */

/* Begin PBXNativeTarget section */
		8D21CF002A18064700F43E99 /* Weather */ = {
			isa = PBXNativeTarget;
			buildConfigurationList = 8D21CF2B2A18064800F43E99 /* Build configuration list for PBXNativeTarget "Weather" */;
			buildPhases = (
				8D21CEFD2A18064700F43E99 /* Sources */,
				8D21CEFE2A18064700F43E99 /* Frameworks */,
				8D21CEFF2A18064700F43E99 /* Resources */,
			);
			buildRules = (
			);
			dependencies = (
			);
			name = Weather;
			productName = Weather;
			productReference = 8D21CF012A18064700F43E99 /* Weather.app */;
			productType = "com.apple.product-type.application";
		};
		8D21CF162A18064800F43E99 /* WeatherTests */ = {
			isa = PBXNativeTarget;
			buildConfigurationList = 8D21CF2E2A18064800F43E99 /* Build configuration list for PBXNativeTarget "WeatherTests" */;
			buildPhases = (
				8D21CF132A18064800F43E99 /* Sources */,
				8D21CF142A18064800F43E99 /* Frameworks */,
				8D21CF152A18064800F43E99 /* Resources */,
			);
			buildRules = (
			);
			dependencies = (
				8D21CF192A18064800F43E99 /* PBXTargetDependency */,
			);
			name = WeatherTests;
			productName = WeatherTests;
			productReference = 8D21CF172A18064800F43E99 /* WeatherTests.xctest */;
			productType = "com.apple.product-type.bundle.unit-test";
		};
		8D21CF202A18064800F43E99 /* WeatherUITests */ = {
			isa = PBXNativeTarget;
			buildConfigurationList = 8D21CF312A18064800F43E99 /* Build configuration list for PBXNativeTarget "WeatherUITests" */;
			buildPhases = (
				8D21CF1D2A18064800F43E99 /* Sources */,
				8D21CF1E2A18064800F43E99 /* Frameworks */,
				8D21CF1F2A18064800F43E99 /* Resources */,
			);
			buildRules = (
			);
			dependencies = (
				8D21CF232A18064800F43E99 /* PBXTargetDependency */,
			);
			name = WeatherUITests;
			productName = WeatherUITests;
			productReference = 8D21CF212A18064800F43E99 /* WeatherUITests.xctest */;
			productType = "com.apple.product-type.bundle.ui-testing";
		};
/* End PBXNativeTarget section */

/* Begin PBXProject section */
		8D21CEF92A18064700F43E99 /* Project object */ = {
			isa = PBXProject;
			attributes = {
				BuildIndependentTargetsInParallel = 1;
				LastSwiftUpdateCheck = 1430;
				LastUpgradeCheck = 1430;
				TargetAttributes = {
					8D21CF002A18064700F43E99 = {
						CreatedOnToolsVersion = 14.3;
					};
					8D21CF162A18064800F43E99 = {
						CreatedOnToolsVersion = 14.3;
						TestTargetID = 8D21CF002A18064700F43E99;
					};
					8D21CF202A18064800F43E99 = {
						CreatedOnToolsVersion = 14.3;
						TestTargetID = 8D21CF002A18064700F43E99;
					};
				};
			};
			buildConfigurationList = 8D21CEFC2A18064700F43E99 /* Build configuration list for PBXProject "Weather" */;
			compatibilityVersion = "Xcode 14.0";
			developmentRegion = en;
			hasScannedForEncodings = 0;
			knownRegions = (
				en,
				Base,
			);
			mainGroup = 8D21CEF82A18064700F43E99;
			productRefGroup = 8D21CF022A18064700F43E99 /* Products */;
			projectDirPath = "";
			projectRoot = "";
			targets = (
				8D21CF002A18064700F43E99 /* Weather */,
				8D21CF162A18064800F43E99 /* WeatherTests */,
				8D21CF202A18064800F43E99 /* WeatherUITests */,
			);
		};
/* End PBXProject section */

/* Begin PBXResourcesBuildPhase section */
		8D21CEFF2A18064700F43E99 /* Resources */ = {
			isa = PBXResourcesBuildPhase;
			buildActionMask = 2147483647;
			files = (
				8D21CF112A18064800F43E99 /* LaunchScreen.storyboard in Resources */,
				8D21CF0E2A18064800F43E99 /* Assets.xcassets in Resources */,
				8D21CFB82A1A81F100F43E99 /* weather_data.json in Resources */,
				8D21CF0C2A18064700F43E99 /* Main.storyboard in Resources */,
			);
			runOnlyForDeploymentPostprocessing = 0;
		};
		8D21CF152A18064800F43E99 /* Resources */ = {
			isa = PBXResourcesBuildPhase;
			buildActionMask = 2147483647;
			files = (
				8D21CFB92A1A81F100F43E99 /* weather_data.json in Resources */,
			);
			runOnlyForDeploymentPostprocessing = 0;
		};
		8D21CF1F2A18064800F43E99 /* Resources */ = {
			isa = PBXResourcesBuildPhase;
			buildActionMask = 2147483647;
			files = (
				8D21CFBA2A1A81F100F43E99 /* weather_data.json in Resources */,
			);
			runOnlyForDeploymentPostprocessing = 0;
		};
/* End PBXResourcesBuildPhase section */

/* Begin PBXSourcesBuildPhase section */
		8D21CEFD2A18064700F43E99 /* Sources */ = {
			isa = PBXSourcesBuildPhase;
			buildActionMask = 2147483647;
			files = (
				8D21CF492A180E8600F43E99 /* Data+String.swift in Sources */,
				8D21CF862A18342200F43E99 /* Observable.swift in Sources */,
				8D21CF942A18355E00F43E99 /* Float+WindDirection.swift in Sources */,
				8D21CF8C2A1834A200F43E99 /* FileLoader.swift in Sources */,
				8D21CFA02A18376A00F43E99 /* SearchCityController.swift in Sources */,
				8D21CF652A18145400F43E99 /* DataManager.swift in Sources */,
				8D21CF822A18341100F43E99 /* Spinner.swift in Sources */,
				8D21CF4E2A180EEA00F43E99 /* Key.swift in Sources */,
				8D21CF6D2A18322100F43E99 /* PresentWeather.swift in Sources */,
				8D21CF7D2A18337B00F43E99 /* PresentWeatherViewModel.swift in Sources */,
				8D21CF982A18356D00F43E99 /* TimeStamp+Date.swift in Sources */,
				8D21CF052A18064700F43E99 /* AppDelegate.swift in Sources */,
				8D21CFA82A18FF7000F43E99 /* LocalStorage.swift in Sources */,
				8D21CF072A18064700F43E99 /* SceneDelegate.swift in Sources */,
				8D21CFA42A18378100F43E99 /* PresentWeatherView.swift in Sources */,
				8D21CF402A180DFF00F43E99 /* NetworkError.swift in Sources */,
				8D21CF9C2A18357C00F43E99 /* UIViewController+Alert.swift in Sources */,
				8D21CF3C2A180D6D00F43E99 /* APIRequest.swift in Sources */,
				8D21CF442A180E2600F43E99 /* EndPoint.swift in Sources */,
				8D21CF382A180D1900F43E99 /* APIClient.swift in Sources */,
			);
			runOnlyForDeploymentPostprocessing = 0;
		};
		8D21CF132A18064800F43E99 /* Sources */ = {
			isa = PBXSourcesBuildPhase;
			buildActionMask = 2147483647;
			files = (
				8D21CF602A180FB600F43E99 /* APIRequestTests.swift in Sources */,
				8D21CF792A1832F800F43E99 /* PresentWeatherViewModelTests.swift in Sources */,
				8D21CF4F2A180EEA00F43E99 /* Key.swift in Sources */,
				8D21CF6E2A18322100F43E99 /* PresentWeather.swift in Sources */,
				8D21CF872A18342200F43E99 /* Observable.swift in Sources */,
				8D21CF412A180DFF00F43E99 /* NetworkError.swift in Sources */,
				8D21CF7E2A18337B00F43E99 /* PresentWeatherViewModel.swift in Sources */,
				8D21CF8D2A1834A200F43E99 /* FileLoader.swift in Sources */,
				8D21CF452A180E2600F43E99 /* EndPoint.swift in Sources */,
				8D21CF3D2A180D6D00F43E99 /* APIRequest.swift in Sources */,
				8D21CF752A1832E000F43E99 /* PresentWeatherTests.swift in Sources */,
				8D21CF952A18355E00F43E99 /* Float+WindDirection.swift in Sources */,
				8D21CFA12A18376A00F43E99 /* SearchCityController.swift in Sources */,
				8D21CF9D2A18357C00F43E99 /* UIViewController+Alert.swift in Sources */,
				8D21CF4A2A180E8600F43E99 /* Data+String.swift in Sources */,
				8D21CFA52A18378100F43E99 /* PresentWeatherView.swift in Sources */,
				8D21CFA92A18FF7000F43E99 /* LocalStorage.swift in Sources */,
				8D21CF392A180D1900F43E99 /* APIClient.swift in Sources */,
				8D21CF542A180F8500F43E99 /* EndPointTests.swift in Sources */,
				8D21CF632A18142100F43E99 /* DataManager.swift in Sources */,
				8D21CF582A180F9500F43E99 /* MockDataManager.swift in Sources */,
				8D21CF5C2A180FA600F43E99 /* NetworkErrorTests.swift in Sources */,
				8D21CF992A18356D00F43E99 /* TimeStamp+Date.swift in Sources */,
				8D21CF832A18341100F43E99 /* Spinner.swift in Sources */,
			);
			runOnlyForDeploymentPostprocessing = 0;
		};
		8D21CF1D2A18064800F43E99 /* Sources */ = {
			isa = PBXSourcesBuildPhase;
			buildActionMask = 2147483647;
			files = (
				8D21CF962A18355E00F43E99 /* Float+WindDirection.swift in Sources */,
				8D21CF462A180E2600F43E99 /* EndPoint.swift in Sources */,
				8D21CF9A2A18356D00F43E99 /* TimeStamp+Date.swift in Sources */,
				8D21CF4B2A180E8600F43E99 /* Data+String.swift in Sources */,
				8D21CFA22A18376A00F43E99 /* SearchCityController.swift in Sources */,
				8D21CF262A18064800F43E99 /* WeatherUITests.swift in Sources */,
				8D21CF842A18341100F43E99 /* Spinner.swift in Sources */,
				8D21CF282A18064800F43E99 /* WeatherUITestsLaunchTests.swift in Sources */,
				8D21CF7F2A18337B00F43E99 /* PresentWeatherViewModel.swift in Sources */,
				8D21CF3E2A180D6D00F43E99 /* APIRequest.swift in Sources */,
				8D21CF502A180EEA00F43E99 /* Key.swift in Sources */,
				8D21CFAA2A18FF7000F43E99 /* LocalStorage.swift in Sources */,
				8D21CF8E2A1834A200F43E99 /* FileLoader.swift in Sources */,
				8D21CF3A2A180D1900F43E99 /* APIClient.swift in Sources */,
				8D21CF882A18342200F43E99 /* Observable.swift in Sources */,
				8D21CFA62A18378100F43E99 /* PresentWeatherView.swift in Sources */,
				8D21CF642A18145300F43E99 /* DataManager.swift in Sources */,
				8D21CF9E2A18357C00F43E99 /* UIViewController+Alert.swift in Sources */,
				8D21CF6F2A18322100F43E99 /* PresentWeather.swift in Sources */,
				8D21CF422A180DFF00F43E99 /* NetworkError.swift in Sources */,
			);
			runOnlyForDeploymentPostprocessing = 0;
		};
/* End PBXSourcesBuildPhase section */

/* Begin PBXTargetDependency section */
		8D21CF192A18064800F43E99 /* PBXTargetDependency */ = {
			isa = PBXTargetDependency;
			target = 8D21CF002A18064700F43E99 /* Weather */;
			targetProxy = 8D21CF182A18064800F43E99 /* PBXContainerItemProxy */;
		};
		8D21CF232A18064800F43E99 /* PBXTargetDependency */ = {
			isa = PBXTargetDependency;
			target = 8D21CF002A18064700F43E99 /* Weather */;
			targetProxy = 8D21CF222A18064800F43E99 /* PBXContainerItemProxy */;
		};
/* End PBXTargetDependency section */

/* Begin PBXVariantGroup section */
		8D21CF0A2A18064700F43E99 /* Main.storyboard */ = {
			isa = PBXVariantGroup;
			children = (
				8D21CF0B2A18064700F43E99 /* Base */,
			);
			name = Main.storyboard;
			sourceTree = "<group>";
		};
		8D21CF0F2A18064800F43E99 /* LaunchScreen.storyboard */ = {
			isa = PBXVariantGroup;
			children = (
				8D21CF102A18064800F43E99 /* Base */,
			);
			name = LaunchScreen.storyboard;
			sourceTree = "<group>";
		};
/* End PBXVariantGroup section */

/* Begin XCBuildConfiguration section */
		8D21CF292A18064800F43E99 /* Debug */ = {
			isa = XCBuildConfiguration;
			buildSettings = {
				ALWAYS_SEARCH_USER_PATHS = NO;
				CLANG_ANALYZER_NONNULL = YES;
				CLANG_ANALYZER_NUMBER_OBJECT_CONVERSION = YES_AGGRESSIVE;
				CLANG_CXX_LANGUAGE_STANDARD = "gnu++20";
				CLANG_ENABLE_MODULES = YES;
				CLANG_ENABLE_OBJC_ARC = YES;
				CLANG_ENABLE_OBJC_WEAK = YES;
				CLANG_WARN_BLOCK_CAPTURE_AUTORELEASING = YES;
				CLANG_WARN_BOOL_CONVERSION = YES;
				CLANG_WARN_COMMA = YES;
				CLANG_WARN_CONSTANT_CONVERSION = YES;
				CLANG_WARN_DEPRECATED_OBJC_IMPLEMENTATIONS = YES;
				CLANG_WARN_DIRECT_OBJC_ISA_USAGE = YES_ERROR;
				CLANG_WARN_DOCUMENTATION_COMMENTS = YES;
				CLANG_WARN_EMPTY_BODY = YES;
				CLANG_WARN_ENUM_CONVERSION = YES;
				CLANG_WARN_INFINITE_RECURSION = YES;
				CLANG_WARN_INT_CONVERSION = YES;
				CLANG_WARN_NON_LITERAL_NULL_CONVERSION = YES;
				CLANG_WARN_OBJC_IMPLICIT_RETAIN_SELF = YES;
				CLANG_WARN_OBJC_LITERAL_CONVERSION = YES;
				CLANG_WARN_OBJC_ROOT_CLASS = YES_ERROR;
				CLANG_WARN_QUOTED_INCLUDE_IN_FRAMEWORK_HEADER = YES;
				CLANG_WARN_RANGE_LOOP_ANALYSIS = YES;
				CLANG_WARN_STRICT_PROTOTYPES = YES;
				CLANG_WARN_SUSPICIOUS_MOVE = YES;
				CLANG_WARN_UNGUARDED_AVAILABILITY = YES_AGGRESSIVE;
				CLANG_WARN_UNREACHABLE_CODE = YES;
				CLANG_WARN__DUPLICATE_METHOD_MATCH = YES;
				COPY_PHASE_STRIP = NO;
				DEBUG_INFORMATION_FORMAT = dwarf;
				ENABLE_STRICT_OBJC_MSGSEND = YES;
				ENABLE_TESTABILITY = YES;
				GCC_C_LANGUAGE_STANDARD = gnu11;
				GCC_DYNAMIC_NO_PIC = NO;
				GCC_NO_COMMON_BLOCKS = YES;
				GCC_OPTIMIZATION_LEVEL = 0;
				GCC_PREPROCESSOR_DEFINITIONS = (
					"DEBUG=1",
					"$(inherited)",
				);
				GCC_WARN_64_TO_32_BIT_CONVERSION = YES;
				GCC_WARN_ABOUT_RETURN_TYPE = YES_ERROR;
				GCC_WARN_UNDECLARED_SELECTOR = YES;
				GCC_WARN_UNINITIALIZED_AUTOS = YES_AGGRESSIVE;
				GCC_WARN_UNUSED_FUNCTION = YES;
				GCC_WARN_UNUSED_VARIABLE = YES;
				IPHONEOS_DEPLOYMENT_TARGET = 16.4;
				MTL_ENABLE_DEBUG_INFO = INCLUDE_SOURCE;
				MTL_FAST_MATH = YES;
				ONLY_ACTIVE_ARCH = YES;
				SDKROOT = iphoneos;
				SWIFT_ACTIVE_COMPILATION_CONDITIONS = DEBUG;
				SWIFT_OPTIMIZATION_LEVEL = "-Onone";
			};
			name = Debug;
		};
		8D21CF2A2A18064800F43E99 /* Release */ = {
			isa = XCBuildConfiguration;
			buildSettings = {
				ALWAYS_SEARCH_USER_PATHS = NO;
				CLANG_ANALYZER_NONNULL = YES;
				CLANG_ANALYZER_NUMBER_OBJECT_CONVERSION = YES_AGGRESSIVE;
				CLANG_CXX_LANGUAGE_STANDARD = "gnu++20";
				CLANG_ENABLE_MODULES = YES;
				CLANG_ENABLE_OBJC_ARC = YES;
				CLANG_ENABLE_OBJC_WEAK = YES;
				CLANG_WARN_BLOCK_CAPTURE_AUTORELEASING = YES;
				CLANG_WARN_BOOL_CONVERSION = YES;
				CLANG_WARN_COMMA = YES;
				CLANG_WARN_CONSTANT_CONVERSION = YES;
				CLANG_WARN_DEPRECATED_OBJC_IMPLEMENTATIONS = YES;
				CLANG_WARN_DIRECT_OBJC_ISA_USAGE = YES_ERROR;
				CLANG_WARN_DOCUMENTATION_COMMENTS = YES;
				CLANG_WARN_EMPTY_BODY = YES;
				CLANG_WARN_ENUM_CONVERSION = YES;
				CLANG_WARN_INFINITE_RECURSION = YES;
				CLANG_WARN_INT_CONVERSION = YES;
				CLANG_WARN_NON_LITERAL_NULL_CONVERSION = YES;
				CLANG_WARN_OBJC_IMPLICIT_RETAIN_SELF = YES;
				CLANG_WARN_OBJC_LITERAL_CONVERSION = YES;
				CLANG_WARN_OBJC_ROOT_CLASS = YES_ERROR;
				CLANG_WARN_QUOTED_INCLUDE_IN_FRAMEWORK_HEADER = YES;
				CLANG_WARN_RANGE_LOOP_ANALYSIS = YES;
				CLANG_WARN_STRICT_PROTOTYPES = YES;
				CLANG_WARN_SUSPICIOUS_MOVE = YES;
				CLANG_WARN_UNGUARDED_AVAILABILITY = YES_AGGRESSIVE;
				CLANG_WARN_UNREACHABLE_CODE = YES;
				CLANG_WARN__DUPLICATE_METHOD_MATCH = YES;
				COPY_PHASE_STRIP = NO;
				DEBUG_INFORMATION_FORMAT = "dwarf-with-dsym";
				ENABLE_NS_ASSERTIONS = NO;
				ENABLE_STRICT_OBJC_MSGSEND = YES;
				GCC_C_LANGUAGE_STANDARD = gnu11;
				GCC_NO_COMMON_BLOCKS = YES;
				GCC_WARN_64_TO_32_BIT_CONVERSION = YES;
				GCC_WARN_ABOUT_RETURN_TYPE = YES_ERROR;
				GCC_WARN_UNDECLARED_SELECTOR = YES;
				GCC_WARN_UNINITIALIZED_AUTOS = YES_AGGRESSIVE;
				GCC_WARN_UNUSED_FUNCTION = YES;
				GCC_WARN_UNUSED_VARIABLE = YES;
				IPHONEOS_DEPLOYMENT_TARGET = 16.4;
				MTL_ENABLE_DEBUG_INFO = NO;
				MTL_FAST_MATH = YES;
				SDKROOT = iphoneos;
				SWIFT_COMPILATION_MODE = wholemodule;
				SWIFT_OPTIMIZATION_LEVEL = "-O";
				VALIDATE_PRODUCT = YES;
			};
			name = Release;
		};
		8D21CF2C2A18064800F43E99 /* Debug */ = {
			isa = XCBuildConfiguration;
			buildSettings = {
				ASSETCATALOG_COMPILER_APPICON_NAME = AppIcon;
				ASSETCATALOG_COMPILER_GLOBAL_ACCENT_COLOR_NAME = AccentColor;
				CODE_SIGN_STYLE = Automatic;
				CURRENT_PROJECT_VERSION = 1;
				GENERATE_INFOPLIST_FILE = YES;
				INFOPLIST_FILE = Weather/Info.plist;
				INFOPLIST_KEY_UIApplicationSupportsIndirectInputEvents = YES;
				INFOPLIST_KEY_UILaunchStoryboardName = LaunchScreen;
				INFOPLIST_KEY_UIMainStoryboardFile = Main;
				INFOPLIST_KEY_UISupportedInterfaceOrientations_iPad = "UIInterfaceOrientationPortrait UIInterfaceOrientationPortraitUpsideDown UIInterfaceOrientationLandscapeLeft UIInterfaceOrientationLandscapeRight";
				INFOPLIST_KEY_UISupportedInterfaceOrientations_iPhone = "UIInterfaceOrientationPortrait UIInterfaceOrientationLandscapeLeft UIInterfaceOrientationLandscapeRight";
				LD_RUNPATH_SEARCH_PATHS = (
					"$(inherited)",
					"@executable_path/Frameworks",
				);
				MARKETING_VERSION = 1.0;
				PRODUCT_BUNDLE_IDENTIFIER = com.manoj.Weather;
				PRODUCT_NAME = "$(TARGET_NAME)";
				SWIFT_EMIT_LOC_STRINGS = YES;
				SWIFT_VERSION = 5.0;
				TARGETED_DEVICE_FAMILY = "1,2";
			};
			name = Debug;
		};
		8D21CF2D2A18064800F43E99 /* Release */ = {
			isa = XCBuildConfiguration;
			buildSettings = {
				ASSETCATALOG_COMPILER_APPICON_NAME = AppIcon;
				ASSETCATALOG_COMPILER_GLOBAL_ACCENT_COLOR_NAME = AccentColor;
				CODE_SIGN_STYLE = Automatic;
				CURRENT_PROJECT_VERSION = 1;
				GENERATE_INFOPLIST_FILE = YES;
				INFOPLIST_FILE = Weather/Info.plist;
				INFOPLIST_KEY_UIApplicationSupportsIndirectInputEvents = YES;
				INFOPLIST_KEY_UILaunchStoryboardName = LaunchScreen;
				INFOPLIST_KEY_UIMainStoryboardFile = Main;
				INFOPLIST_KEY_UISupportedInterfaceOrientations_iPad = "UIInterfaceOrientationPortrait UIInterfaceOrientationPortraitUpsideDown UIInterfaceOrientationLandscapeLeft UIInterfaceOrientationLandscapeRight";
				INFOPLIST_KEY_UISupportedInterfaceOrientations_iPhone = "UIInterfaceOrientationPortrait UIInterfaceOrientationLandscapeLeft UIInterfaceOrientationLandscapeRight";
				LD_RUNPATH_SEARCH_PATHS = (
					"$(inherited)",
					"@executable_path/Frameworks",
				);
				MARKETING_VERSION = 1.0;
				PRODUCT_BUNDLE_IDENTIFIER = com.manoj.Weather;
				PRODUCT_NAME = "$(TARGET_NAME)";
				SWIFT_EMIT_LOC_STRINGS = YES;
				SWIFT_VERSION = 5.0;
				TARGETED_DEVICE_FAMILY = "1,2";
			};
			name = Release;
		};
		8D21CF2F2A18064800F43E99 /* Debug */ = {
			isa = XCBuildConfiguration;
			buildSettings = {
				ALWAYS_EMBED_SWIFT_STANDARD_LIBRARIES = YES;
				BUNDLE_LOADER = "$(TEST_HOST)";
				CODE_SIGN_STYLE = Automatic;
				CURRENT_PROJECT_VERSION = 1;
				GENERATE_INFOPLIST_FILE = YES;
				IPHONEOS_DEPLOYMENT_TARGET = 16.4;
				MARKETING_VERSION = 1.0;
				PRODUCT_BUNDLE_IDENTIFIER = com.manoj.WeatherTests;
				PRODUCT_NAME = "$(TARGET_NAME)";
				SWIFT_EMIT_LOC_STRINGS = NO;
				SWIFT_VERSION = 5.0;
				TARGETED_DEVICE_FAMILY = "1,2";
				TEST_HOST = "$(BUILT_PRODUCTS_DIR)/Weather.app/$(BUNDLE_EXECUTABLE_FOLDER_PATH)/Weather";
			};
			name = Debug;
		};
		8D21CF302A18064800F43E99 /* Release */ = {
			isa = XCBuildConfiguration;
			buildSettings = {
				ALWAYS_EMBED_SWIFT_STANDARD_LIBRARIES = YES;
				BUNDLE_LOADER = "$(TEST_HOST)";
				CODE_SIGN_STYLE = Automatic;
				CURRENT_PROJECT_VERSION = 1;
				GENERATE_INFOPLIST_FILE = YES;
				IPHONEOS_DEPLOYMENT_TARGET = 16.4;
				MARKETING_VERSION = 1.0;
				PRODUCT_BUNDLE_IDENTIFIER = com.manoj.WeatherTests;
				PRODUCT_NAME = "$(TARGET_NAME)";
				SWIFT_EMIT_LOC_STRINGS = NO;
				SWIFT_VERSION = 5.0;
				TARGETED_DEVICE_FAMILY = "1,2";
				TEST_HOST = "$(BUILT_PRODUCTS_DIR)/Weather.app/$(BUNDLE_EXECUTABLE_FOLDER_PATH)/Weather";
			};
			name = Release;
		};
		8D21CF322A18064800F43E99 /* Debug */ = {
			isa = XCBuildConfiguration;
			buildSettings = {
				ALWAYS_EMBED_SWIFT_STANDARD_LIBRARIES = YES;
				CODE_SIGN_STYLE = Automatic;
				CURRENT_PROJECT_VERSION = 1;
				GENERATE_INFOPLIST_FILE = YES;
				MARKETING_VERSION = 1.0;
				PRODUCT_BUNDLE_IDENTIFIER = com.manoj.WeatherUITests;
				PRODUCT_NAME = "$(TARGET_NAME)";
				SWIFT_EMIT_LOC_STRINGS = NO;
				SWIFT_VERSION = 5.0;
				TARGETED_DEVICE_FAMILY = "1,2";
				TEST_TARGET_NAME = Weather;
			};
			name = Debug;
		};
		8D21CF332A18064800F43E99 /* Release */ = {
			isa = XCBuildConfiguration;
			buildSettings = {
				ALWAYS_EMBED_SWIFT_STANDARD_LIBRARIES = YES;
				CODE_SIGN_STYLE = Automatic;
				CURRENT_PROJECT_VERSION = 1;
				GENERATE_INFOPLIST_FILE = YES;
				MARKETING_VERSION = 1.0;
				PRODUCT_BUNDLE_IDENTIFIER = com.manoj.WeatherUITests;
				PRODUCT_NAME = "$(TARGET_NAME)";
				SWIFT_EMIT_LOC_STRINGS = NO;
				SWIFT_VERSION = 5.0;
				TARGETED_DEVICE_FAMILY = "1,2";
				TEST_TARGET_NAME = Weather;
			};
			name = Release;
		};
/* End XCBuildConfiguration section */

/* Begin XCConfigurationList section */
		8D21CEFC2A18064700F43E99 /* Build configuration list for PBXProject "Weather" */ = {
			isa = XCConfigurationList;
			buildConfigurations = (
				8D21CF292A18064800F43E99 /* Debug */,
				8D21CF2A2A18064800F43E99 /* Release */,
			);
			defaultConfigurationIsVisible = 0;
			defaultConfigurationName = Release;
		};
		8D21CF2B2A18064800F43E99 /* Build configuration list for PBXNativeTarget "Weather" */ = {
			isa = XCConfigurationList;
			buildConfigurations = (
				8D21CF2C2A18064800F43E99 /* Debug */,
				8D21CF2D2A18064800F43E99 /* Release */,
			);
			defaultConfigurationIsVisible = 0;
			defaultConfigurationName = Release;
		};
		8D21CF2E2A18064800F43E99 /* Build configuration list for PBXNativeTarget "WeatherTests" */ = {
			isa = XCConfigurationList;
			buildConfigurations = (
				8D21CF2F2A18064800F43E99 /* Debug */,
				8D21CF302A18064800F43E99 /* Release */,
			);
			defaultConfigurationIsVisible = 0;
			defaultConfigurationName = Release;
		};
		8D21CF312A18064800F43E99 /* Build configuration list for PBXNativeTarget "WeatherUITests" */ = {
			isa = XCConfigurationList;
			buildConfigurations = (
				8D21CF322A18064800F43E99 /* Debug */,
				8D21CF332A18064800F43E99 /* Release */,
			);
			defaultConfigurationIsVisible = 0;
			defaultConfigurationName = Release;
		};
/* End XCConfigurationList section */
	};
	rootObject = 8D21CEF92A18064700F43E99 /* Project object */;
}
